
Microsoft Visual Studio Solution File, Format Version 12.00
# Visual Studio 14
VisualStudioVersion = 14.0.24720.0
MinimumVisualStudioVersion = 10.0.40219.1
Project("{FAE04EC0-301F-11D3-BF4B-00C04F79EFBC}") = "Importer", "Importer\Importer.csproj", "{F7F0D103-4B3B-4162-9A06-03F535A06180}"
	ProjectSection(ProjectDependencies) = postProject
		{199FA8A2-47D4-44E0-8C90-2DB455C4D95A} = {199FA8A2-47D4-44E0-8C90-2DB455C4D95A}
	EndProjectSection
EndProject
Project("{FAE04EC0-301F-11D3-BF4B-00C04F79EFBC}") = "Core", "Core\Core.csproj", "{199FA8A2-47D4-44E0-8C90-2DB455C4D95A}"
EndProject
Project("{FAE04EC0-301F-11D3-BF4B-00C04F79EFBC}") = "Services", "BL\Services.csproj", "{A6D8B0FD-D4AB-4646-AFA0-352F4C8D6FD2}"
	ProjectSection(ProjectDependencies) = postProject
		{FFA24048-80D5-4557-B571-41346725C8FE} = {FFA24048-80D5-4557-B571-41346725C8FE}
		{199FA8A2-47D4-44E0-8C90-2DB455C4D95A} = {199FA8A2-47D4-44E0-8C90-2DB455C4D95A}
	EndProjectSection
EndProject
Project("{FAE04EC0-301F-11D3-BF4B-00C04F79EFBC}") = "DL", "DL\DL.csproj", "{FFA24048-80D5-4557-B571-41346725C8FE}"
	ProjectSection(ProjectDependencies) = postProject
		{199FA8A2-47D4-44E0-8C90-2DB455C4D95A} = {199FA8A2-47D4-44E0-8C90-2DB455C4D95A}
	EndProjectSection
EndProject
Project("{FAE04EC0-301F-11D3-BF4B-00C04F79EFBC}") = "API", "API\API.csproj", "{5738AB28-4182-4467-A90D-5BC162FBCF01}"
	ProjectSection(ProjectDependencies) = postProject
		{FFA24048-80D5-4557-B571-41346725C8FE} = {FFA24048-80D5-4557-B571-41346725C8FE}
		{199FA8A2-47D4-44E0-8C90-2DB455C4D95A} = {199FA8A2-47D4-44E0-8C90-2DB455C4D95A}
		{A6D8B0FD-D4AB-4646-AFA0-352F4C8D6FD2} = {A6D8B0FD-D4AB-4646-AFA0-352F4C8D6FD2}
	EndProjectSection
EndProject
Project("{FAE04EC0-301F-11D3-BF4B-00C04F79EFBC}") = "Tests", "Tests\Tests.csproj", "{BF3CD8CF-F08C-4A92-8F8A-CA0ABD1382A0}"
	ProjectSection(ProjectDependencies) = postProject
		{F7F0D103-4B3B-4162-9A06-03F535A06180} = {F7F0D103-4B3B-4162-9A06-03F535A06180}
		{5738AB28-4182-4467-A90D-5BC162FBCF01} = {5738AB28-4182-4467-A90D-5BC162FBCF01}
		{FFA24048-80D5-4557-B571-41346725C8FE} = {FFA24048-80D5-4557-B571-41346725C8FE}
		{A6D8B0FD-D4AB-4646-AFA0-352F4C8D6FD2} = {A6D8B0FD-D4AB-4646-AFA0-352F4C8D6FD2}
	EndProjectSection
EndProject
Project("{FAE04EC0-301F-11D3-BF4B-00C04F79EFBC}") = "UI", "UI\UI.csproj", "{BA4530A3-143B-4B6D-A373-C47FB31973FA}"
EndProject
Project("{FAE04EC0-301F-11D3-BF4B-00C04F79EFBC}") = "DepthFirstSearchConsApp", "DepthFirstSearchConsApp\DepthFirstSearchConsApp.csproj", "{7F096CC2-B1A4-4353-B0C7-E5B9EC24A273}"
EndProject
Global
	GlobalSection(SolutionConfigurationPlatforms) = preSolution
		Debug|Any CPU = Debug|Any CPU
		Release|Any CPU = Release|Any CPU
	EndGlobalSection
	GlobalSection(ProjectConfigurationPlatforms) = postSolution
		{F7F0D103-4B3B-4162-9A06-03F535A06180}.Debug|Any CPU.ActiveCfg = Debug|Any CPU
		{F7F0D103-4B3B-4162-9A06-03F535A06180}.Debug|Any CPU.Build.0 = Debug|Any CPU
		{F7F0D103-4B3B-4162-9A06-03F535A06180}.Release|Any CPU.ActiveCfg = Release|Any CPU
		{F7F0D103-4B3B-4162-9A06-03F535A06180}.Release|Any CPU.Build.0 = Release|Any CPU
		{199FA8A2-47D4-44E0-8C90-2DB455C4D95A}.Debug|Any CPU.ActiveCfg = Debug|Any CPU
		{199FA8A2-47D4-44E0-8C90-2DB455C4D95A}.Debug|Any CPU.Build.0 = Debug|Any CPU
		{199FA8A2-47D4-44E0-8C90-2DB455C4D95A}.Release|Any CPU.ActiveCfg = Release|Any CPU
		{199FA8A2-47D4-44E0-8C90-2DB455C4D95A}.Release|Any CPU.Build.0 = Release|Any CPU
		{A6D8B0FD-D4AB-4646-AFA0-352F4C8D6FD2}.Debug|Any CPU.ActiveCfg = Debug|Any CPU
		{A6D8B0FD-D4AB-4646-AFA0-352F4C8D6FD2}.Debug|Any CPU.Build.0 = Debug|Any CPU
		{A6D8B0FD-D4AB-4646-AFA0-352F4C8D6FD2}.Release|Any CPU.ActiveCfg = Release|Any CPU
		{A6D8B0FD-D4AB-4646-AFA0-352F4C8D6FD2}.Release|Any CPU.Build.0 = Release|Any CPU
		{FFA24048-80D5-4557-B571-41346725C8FE}.Debug|Any CPU.ActiveCfg = Debug|Any CPU
		{FFA24048-80D5-4557-B571-41346725C8FE}.Debug|Any CPU.Build.0 = Debug|Any CPU
		{FFA24048-80D5-4557-B571-41346725C8FE}.Release|Any CPU.ActiveCfg = Release|Any CPU
		{FFA24048-80D5-4557-B571-41346725C8FE}.Release|Any CPU.Build.0 = Release|Any CPU
		{5738AB28-4182-4467-A90D-5BC162FBCF01}.Debug|Any CPU.ActiveCfg = Debug|Any CPU
		{5738AB28-4182-4467-A90D-5BC162FBCF01}.Debug|Any CPU.Build.0 = Debug|Any CPU
		{5738AB28-4182-4467-A90D-5BC162FBCF01}.Release|Any CPU.ActiveCfg = Release|Any CPU
		{5738AB28-4182-4467-A90D-5BC162FBCF01}.Release|Any CPU.Build.0 = Release|Any CPU
		{BF3CD8CF-F08C-4A92-8F8A-CA0ABD1382A0}.Debug|Any CPU.ActiveCfg = Debug|Any CPU
		{BF3CD8CF-F08C-4A92-8F8A-CA0ABD1382A0}.Debug|Any CPU.Build.0 = Debug|Any CPU
		{BF3CD8CF-F08C-4A92-8F8A-CA0ABD1382A0}.Release|Any CPU.ActiveCfg = Release|Any CPU
		{BF3CD8CF-F08C-4A92-8F8A-CA0ABD1382A0}.Release|Any CPU.Build.0 = Release|Any CPU
		{BA4530A3-143B-4B6D-A373-C47FB31973FA}.Debug|Any CPU.ActiveCfg = Debug|Any CPU
		{BA4530A3-143B-4B6D-A373-C47FB31973FA}.Debug|Any CPU.Build.0 = Debug|Any CPU
		{BA4530A3-143B-4B6D-A373-C47FB31973FA}.Release|Any CPU.ActiveCfg = Release|Any CPU
		{BA4530A3-143B-4B6D-A373-C47FB31973FA}.Release|Any CPU.Build.0 = Release|Any CPU
		{7F096CC2-B1A4-4353-B0C7-E5B9EC24A273}.Debug|Any CPU.ActiveCfg = Debug|Any CPU
		{7F096CC2-B1A4-4353-B0C7-E5B9EC24A273}.Debug|Any CPU.Build.0 = Debug|Any CPU
		{7F096CC2-B1A4-4353-B0C7-E5B9EC24A273}.Release|Any CPU.ActiveCfg = Release|Any CPU
		{7F096CC2-B1A4-4353-B0C7-E5B9EC24A273}.Release|Any CPU.Build.0 = Release|Any CPU
	EndGlobalSection
	GlobalSection(SolutionProperties) = preSolution
		HideSolutionNode = FALSE
	EndGlobalSection
EndGlobal
